<?xml version="1.0" encoding="utf-8"?>
<Project ToolsVersion="4.0" xmlns="http://schemas.microsoft.com/developer/msbuild/2003">
  <ItemGroup>
    <ClCompile Include="Main.cpp" />
    <ClCompile Include="App.cpp" />
    <ClCompile Include="p2ChangeControls.cpp">
      <Filter>Tools</Filter>
    </ClCompile>
    <ClCompile Include="e1DynamicEntity.cpp">
      <Filter>Entities</Filter>
    </ClCompile>
    <ClCompile Include="e1Enemy.cpp">
      <Filter>Entities</Filter>
    </ClCompile>
    <ClCompile Include="e1Entity.cpp">
      <Filter>Entities</Filter>
    </ClCompile>
    <ClCompile Include="u1UI_Element.cpp">
      <Filter>UI</Filter>
    </ClCompile>
    <ClCompile Include="u1Button.cpp">
      <Filter>UI</Filter>
    </ClCompile>
    <ClCompile Include="u1CheckBox.cpp">
      <Filter>UI</Filter>
    </ClCompile>
    <ClCompile Include="u1Image.cpp">
      <Filter>UI</Filter>
    </ClCompile>
    <ClCompile Include="u1Label.cpp">
      <Filter>UI</Filter>
    </ClCompile>
    <ClCompile Include="u1Slider.cpp">
      <Filter>UI</Filter>
    </ClCompile>
    <ClCompile Include="m1EasingSplines.cpp">
      <Filter>Modules</Filter>
    </ClCompile>
    <ClCompile Include="m1Audio.cpp">
      <Filter>Modules</Filter>
    </ClCompile>
    <ClCompile Include="m1Collisions.cpp">
      <Filter>Modules</Filter>
    </ClCompile>
    <ClCompile Include="m1DialogSystem.cpp">
      <Filter>Modules</Filter>
    </ClCompile>
    <ClCompile Include="m1EntityManager.cpp">
      <Filter>Modules</Filter>
    </ClCompile>
    <ClCompile Include="m1FadeToBlack.cpp">
      <Filter>Modules</Filter>
    </ClCompile>
    <ClCompile Include="m1Fonts.cpp">
      <Filter>Modules</Filter>
    </ClCompile>
    <ClCompile Include="m1Input.cpp">
      <Filter>Modules</Filter>
    </ClCompile>
    <ClCompile Include="m1Map.cpp">
      <Filter>Modules</Filter>
    </ClCompile>
    <ClCompile Include="m1Pathfinding.cpp">
      <Filter>Modules</Filter>
    </ClCompile>
    <ClCompile Include="p2PerfTimer.cpp">
      <Filter>Tools</Filter>
    </ClCompile>
    <ClCompile Include="p2Timer.cpp">
      <Filter>Tools</Filter>
    </ClCompile>
    <ClCompile Include="p2Log.cpp">
      <Filter>Tools</Filter>
    </ClCompile>
    <ClCompile Include="m1Render.cpp">
      <Filter>Modules</Filter>
    </ClCompile>
    <ClCompile Include="m1Textures.cpp">
      <Filter>Modules</Filter>
    </ClCompile>
    <ClCompile Include="m1GUI.cpp">
      <Filter>Modules</Filter>
    </ClCompile>
    <ClCompile Include="m1Window.cpp">
      <Filter>Modules</Filter>
    </ClCompile>
    <ClCompile Include="e1Player.cpp">
      <Filter>Entities</Filter>
    </ClCompile>
    <ClCompile Include="PugiXml\src\pugixml.cpp">
      <Filter>Tools\pugixml</Filter>
    </ClCompile>
    <ClCompile Include="e1StaticEntity.cpp">
      <Filter>Entities</Filter>
    </ClCompile>
    <ClCompile Include="m1MainMenu.cpp">
      <Filter>Scenes</Filter>
    </ClCompile>
    <ClCompile Include="m1Scene.cpp">
      <Filter>Scenes</Filter>
    </ClCompile>
    <ClCompile Include="p2Rooms.cpp">
      <Filter>Tools</Filter>
    </ClCompile>
    <ClCompile Include="e1Drop.cpp">
      <Filter>Entities</Filter>
    </ClCompile>
  </ItemGroup>
  <ItemGroup>
    <ClInclude Include="App.h" />
    <ClInclude Include="p2ChangeControls.h">
      <Filter>Tools</Filter>
    </ClInclude>
    <ClInclude Include="e1DynamicEntity.h">
      <Filter>Entities</Filter>
    </ClInclude>
    <ClInclude Include="e1Enemy.h">
      <Filter>Entities</Filter>
    </ClInclude>
    <ClInclude Include="e1Entity.h">
      <Filter>Entities</Filter>
    </ClInclude>
    <ClInclude Include="u1UI_Element.h">
      <Filter>UI</Filter>
    </ClInclude>
    <ClInclude Include="u1Button.h">
      <Filter>UI</Filter>
    </ClInclude>
    <ClInclude Include="u1CheckBox.h">
      <Filter>UI</Filter>
    </ClInclude>
    <ClInclude Include="u1Image.h">
      <Filter>UI</Filter>
    </ClInclude>
    <ClInclude Include="u1Label.h">
      <Filter>UI</Filter>
    </ClInclude>
    <ClInclude Include="u1Slider.h">
      <Filter>UI</Filter>
    </ClInclude>
    <ClInclude Include="m1EasingSplines.h">
      <Filter>Modules</Filter>
    </ClInclude>
    <ClInclude Include="m1Audio.h">
      <Filter>Modules</Filter>
    </ClInclude>
    <ClInclude Include="m1Collisions.h">
      <Filter>Modules</Filter>
    </ClInclude>
    <ClInclude Include="m1DialogSystem.h">
      <Filter>Modules</Filter>
    </ClInclude>
    <ClInclude Include="m1EntityManager.h">
      <Filter>Modules</Filter>
    </ClInclude>
    <ClInclude Include="m1FadeToBlack.h">
      <Filter>Modules</Filter>
    </ClInclude>
    <ClInclude Include="m1Fonts.h">
      <Filter>Modules</Filter>
    </ClInclude>
    <ClInclude Include="m1Input.h">
      <Filter>Modules</Filter>
    </ClInclude>
    <ClInclude Include="m1Map.h">
      <Filter>Modules</Filter>
    </ClInclude>
    <ClInclude Include="m1Module.h">
      <Filter>Modules</Filter>
    </ClInclude>
    <ClInclude Include="m1Pathfinding.h">
      <Filter>Modules</Filter>
    </ClInclude>
    <ClInclude Include="p2PerfTimer.h">
      <Filter>Tools</Filter>
    </ClInclude>
    <ClInclude Include="p2Timer.h">
      <Filter>Tools</Filter>
    </ClInclude>
    <ClInclude Include="p2Animation.h">
      <Filter>Tools</Filter>
    </ClInclude>
    <ClInclude Include="p2Defs.h">
      <Filter>Tools</Filter>
    </ClInclude>
    <ClInclude Include="p2Line.h">
      <Filter>Tools</Filter>
    </ClInclude>
    <ClInclude Include="p2Log.h">
      <Filter>Tools</Filter>
    </ClInclude>
    <ClInclude Include="p2Point.h">
      <Filter>Tools</Filter>
    </ClInclude>
    <ClInclude Include="p2Properties.h">
      <Filter>Tools</Filter>
    </ClInclude>
    <ClInclude Include="m1Render.h">
      <Filter>Modules</Filter>
    </ClInclude>
    <ClInclude Include="m1Textures.h">
      <Filter>Modules</Filter>
    </ClInclude>
    <ClInclude Include="m1GUI.h">
      <Filter>Modules</Filter>
    </ClInclude>
    <ClInclude Include="m1Window.h">
      <Filter>Modules</Filter>
    </ClInclude>
    <ClInclude Include="e1Player.h">
      <Filter>Entities</Filter>
    </ClInclude>
    <ClInclude Include="PugiXml\src\pugiconfig.hpp">
      <Filter>Tools\pugixml</Filter>
    </ClInclude>
    <ClInclude Include="PugiXml\src\pugixml.hpp">
      <Filter>Tools\pugixml</Filter>
    </ClInclude>
    <ClInclude Include="e1StaticEntity.h">
      <Filter>Entities</Filter>
    </ClInclude>
    <ClInclude Include="m1MainMenu.h">
      <Filter>Scenes</Filter>
    </ClInclude>
    <ClInclude Include="m1Scene.h">
      <Filter>Scenes</Filter>
    </ClInclude>
    <ClInclude Include="p2Rooms.h">
      <Filter>Tools</Filter>
    </ClInclude>
    <ClInclude Include="p2Random.h">
      <Filter>Tools</Filter>
    </ClInclude>
    <ClInclude Include="e1Drop.h">
      <Filter>Entities</Filter>
    </ClInclude>
    <ClInclude Include="resource.h" />
  </ItemGroup>
  <ItemGroup>
    <Xml Include="Game\assets\xml\config.xml" />
  </ItemGroup>
  <ItemGroup>
    <None Include="Game\entities\Enemy.tsx">
      <Filter>Entities</Filter>
    </None>
    <None Include="Game\entities\Player.tsx">
      <Filter>Entities</Filter>
    </None>
    <None Include="Game\entities\WarriorSpritesheet.tsx">
      <Filter>Entities</Filter>
    </None>
  </ItemGroup>
  <ItemGroup>
    <Filter Include="Modules">
      <UniqueIdentifier>{cdbae3c2-1707-4add-a459-b2679419f751}</UniqueIdentifier>
    </Filter>
    <Filter Include="UI">
      <UniqueIdentifier>{411798fc-1f95-4968-94ab-5f587ffe7077}</UniqueIdentifier>
    </Filter>
    <Filter Include="Entities">
      <UniqueIdentifier>{b2bedcf8-c7df-496e-8fd9-21196aefaea1}</UniqueIdentifier>
    </Filter>
    <Filter Include="Tools">
      <UniqueIdentifier>{3af2881a-7a12-4e8b-b711-7d90c6dbc325}</UniqueIdentifier>
    </Filter>
    <Filter Include="Scenes">
      <UniqueIdentifier>{a31c113f-57d7-487c-ab64-d89e34bd9995}</UniqueIdentifier>
    </Filter>
    <Filter Include="Tools\pugixml">
      <UniqueIdentifier>{e6a7f851-a874-4b51-9346-717d21b79a04}</UniqueIdentifier>
    </Filter>
  </ItemGroup>
  <ItemGroup>
    <ResourceCompile Include="icon.rc" />
  </ItemGroup>
  <ItemGroup>
    <Image Include="Game\assets\ff_icon.ico" />
  </ItemGroup>
</Project>