<?xml version="1.0" encoding="utf-8"?>
<Project ToolsVersion="4.0" xmlns="http://schemas.microsoft.com/developer/msbuild/2003">
  <ItemGroup>
    <ClCompile Include="ChangeControls.cpp" />
    <ClCompile Include="DynamicEntity.cpp" />
    <ClCompile Include="EasingSplines.cpp" />
    <ClCompile Include="Enemy.cpp" />
    <ClCompile Include="Entity.cpp" />
    <ClCompile Include="GUI_CheckBox.cpp" />
    <ClCompile Include="GUI_Slider.cpp" />
    <ClCompile Include="j1Collisions.cpp" />
    <ClCompile Include="j1DialogSystem.cpp" />
    <ClCompile Include="j1EntityManager.cpp" />
    <ClCompile Include="GUI.cpp" />
    <ClCompile Include="GUI_Button.cpp" />
    <ClCompile Include="GUI_Image.cpp" />
    <ClCompile Include="GUI_Label.cpp" />
    <ClCompile Include="j1FadeToBlack.cpp" />
    <ClCompile Include="j1Fonts.cpp" />
    <ClCompile Include="j1Main.cpp" />
    <ClCompile Include="j1App.cpp" />
    <ClCompile Include="j1Audio.cpp" />
    <ClCompile Include="j1Input.cpp" />
    <ClCompile Include="j1Map.cpp" />
    <ClCompile Include="j1Module.cpp" />
    <ClCompile Include="j1Pathfinding.cpp" />
    <ClCompile Include="j1PerfTimer.cpp" />
    <ClCompile Include="j1Scene.cpp" />
    <ClCompile Include="j1Timer.cpp" />
    <ClCompile Include="j1UIManager.cpp" />
    <ClCompile Include="MainMenu.cpp" />
    <ClCompile Include="p2Log.cpp" />
    <ClCompile Include="j1Render.cpp" />
    <ClCompile Include="j1Textures.cpp" />
    <ClCompile Include="j1Window.cpp" />
    <ClCompile Include="Player.cpp" />
    <ClCompile Include="PugiXml\src\pugixml.cpp" />
    <ClCompile Include="Sensor.cpp" />
    <ClCompile Include="StaticEntity.cpp" />
  </ItemGroup>
  <ItemGroup>
    <ClInclude Include="ChangeControls.h" />
    <ClInclude Include="GUI_CheckBox.h" />
    <ClInclude Include="DynamicEntity.h" />
    <ClInclude Include="EasingSplines.h" />
    <ClInclude Include="Enemy.h" />
    <ClInclude Include="Entity.h" />
    <ClInclude Include="GUI_Slider.h" />
    <ClInclude Include="j1Collisions.h" />
    <ClInclude Include="j1DialogSystem.h" />
    <ClInclude Include="j1EntityManager.h" />
    <ClInclude Include="GUI.h" />
    <ClInclude Include="GUI_Button.h" />
    <ClInclude Include="GUI_Image.h" />
    <ClInclude Include="GUI_Label.h" />
    <ClInclude Include="j1FadeToBlack.h" />
    <ClInclude Include="j1Fonts.h" />
    <ClInclude Include="j1Map.h" />
    <ClInclude Include="j1Pathfinding.h" />
    <ClInclude Include="j1PerfTimer.h" />
    <ClInclude Include="j1Scene.h" />
    <ClInclude Include="j1Timer.h" />
    <ClInclude Include="j1UIManager.h" />
    <ClInclude Include="MainMenu.h" />
    <ClInclude Include="p2Animation.h" />
    <ClInclude Include="j1Audio.h" />
    <ClInclude Include="j1Input.h" />
    <ClInclude Include="p2Line.h" />
    <ClInclude Include="p2Log.h" />
    <ClInclude Include="j1App.h" />
    <ClInclude Include="p2Defs.h" />
    <ClInclude Include="j1Module.h" />
    <ClInclude Include="p2Point.h" />
    <ClInclude Include="j1Render.h" />
    <ClInclude Include="j1Textures.h" />
    <ClInclude Include="j1Window.h" />
    <ClInclude Include="p2Properties.h" />
    <ClInclude Include="Player.h" />
    <ClInclude Include="PugiXml\src\pugiconfig.hpp" />
    <ClInclude Include="PugiXml\src\pugixml.hpp" />
    <ClInclude Include="Sensor.h" />
    <ClInclude Include="StaticEntity.h" />
  </ItemGroup>
  <ItemGroup>
    <Xml Include="Game\config.xml" />
  </ItemGroup>
  <ItemGroup>
    <None Include="Game\entities\Enemy.tsx" />
    <None Include="Game\entities\Player.tsx" />
    <None Include="Game\entities\WarriorSpritesheet.tsx" />
    <None Include="Game\maps\iso_walk.tmx" />
    <None Include="Game\maps\iso_walk2.tmx" />
    <None Include="Game\maps\Tutorial_Movement.tmx" />
  </ItemGroup>
</Project>