<?xml version="1.0" encoding="utf-8"?>
<Project ToolsVersion="4.0" xmlns="http://schemas.microsoft.com/developer/msbuild/2003">
  <ItemGroup>
    <ClCompile Include="PugiXml\src\pugixml.cpp">
      <Filter>Pugui XML</Filter>
    </ClCompile>
    <ClCompile Include="p2Log.cpp">
      <Filter>p2</Filter>
    </ClCompile>
    <ClCompile Include="j1App.cpp">
      <Filter>Modules</Filter>
    </ClCompile>
    <ClCompile Include="j1Audio.cpp">
      <Filter>Modules</Filter>
    </ClCompile>
    <ClCompile Include="j1Input.cpp">
      <Filter>Modules</Filter>
    </ClCompile>
    <ClCompile Include="j1Main.cpp">
      <Filter>Modules</Filter>
    </ClCompile>
    <ClCompile Include="j1Render.cpp">
      <Filter>Modules</Filter>
    </ClCompile>
    <ClCompile Include="j1Textures.cpp">
      <Filter>Modules</Filter>
    </ClCompile>
    <ClCompile Include="j1Window.cpp">
      <Filter>Modules</Filter>
    </ClCompile>
    <ClCompile Include="j1PerfTimer.cpp">
      <Filter>Modules\timer</Filter>
    </ClCompile>
    <ClCompile Include="j1Timer.cpp">
      <Filter>Modules\timer</Filter>
    </ClCompile>
  </ItemGroup>
  <ItemGroup>
    <ClInclude Include="PugiXml\src\pugixml.hpp">
      <Filter>Pugui XML</Filter>
    </ClInclude>
    <ClInclude Include="PugiXml\src\pugiconfig.hpp">
      <Filter>Pugui XML</Filter>
    </ClInclude>
    <ClInclude Include="p2Point.h">
      <Filter>p2</Filter>
    </ClInclude>
    <ClInclude Include="p2Log.h">
      <Filter>p2</Filter>
    </ClInclude>
    <ClInclude Include="p2Defs.h">
      <Filter>p2</Filter>
    </ClInclude>
    <ClInclude Include="p2Animation.h">
      <Filter>p2</Filter>
    </ClInclude>
    <ClInclude Include="j1App.h">
      <Filter>Modules</Filter>
    </ClInclude>
    <ClInclude Include="j1Audio.h">
      <Filter>Modules</Filter>
    </ClInclude>
    <ClInclude Include="j1Input.h">
      <Filter>Modules</Filter>
    </ClInclude>
    <ClInclude Include="j1Module.h">
      <Filter>Modules</Filter>
    </ClInclude>
    <ClInclude Include="j1Render.h">
      <Filter>Modules</Filter>
    </ClInclude>
    <ClInclude Include="j1Textures.h">
      <Filter>Modules</Filter>
    </ClInclude>
    <ClInclude Include="j1Window.h">
      <Filter>Modules</Filter>
    </ClInclude>
    <ClInclude Include="j1PerfTimer.h">
      <Filter>Modules\timer</Filter>
    </ClInclude>
    <ClInclude Include="j1Timer.h">
      <Filter>Modules\timer</Filter>
    </ClInclude>
  </ItemGroup>
  <ItemGroup>
    <Xml Include="Game\config.xml">
      <Filter>Pugui XML</Filter>
    </Xml>
    <Xml Include="Game\save_game.xml">
      <Filter>Pugui XML</Filter>
    </Xml>
  </ItemGroup>
  <ItemGroup>
    <Filter Include="Pugui XML">
      <UniqueIdentifier>{edbbb271-e7b6-4247-aaa1-321a31d2e293}</UniqueIdentifier>
    </Filter>
    <Filter Include="p2">
      <UniqueIdentifier>{34fb54b5-72c0-444f-9d03-4c668551e554}</UniqueIdentifier>
    </Filter>
    <Filter Include="Modules">
      <UniqueIdentifier>{509c4530-4547-46d7-88d5-7ac0cfbdd485}</UniqueIdentifier>
    </Filter>
    <Filter Include="Modules\timer">
      <UniqueIdentifier>{f3a04546-ef7a-4c22-a762-f1a269ee05ea}</UniqueIdentifier>
    </Filter>
  </ItemGroup>
</Project>